schema: '2.0'
stages:
  mlflow_setup:
    cmd: python .\src\tracking_service\mlflow\experiment_setup.py
    deps:
    - path: .\src\tracking_service\mlfow\experiment_setup.py
      hash: md5
      md5: 75e59ffa21e9ba86176b67426a208947
      size: 1436
    outs:
    - path: .\data\parameters
      hash: md5
      md5: fc25c6804a82670f53cb751dfc12c833.dir
      size: 2811
      nfiles: 4
  reset_data:
    cmd: python .\src\data_service\ingest_data\reset_data.py
    deps:
    - path: .\data\new_data\
      hash: md5
      md5: a72ce7382279bc89c4d0fe12ea68909b.dir
      size: 340792
      nfiles: 2
    - path: .\data\raw_data\weatherAUS.csv
      hash: md5
      md5: 38be9d9fce05fc044df3443939cdd18d
      size: 14239516
    - path: .\src\data_service\ingest_data\reset_data.py
      hash: md5
      md5: 6d951c234aa7b88fade2e4a0ccc6bb93
      size: 847
    outs:
    - path: .\data\current_data\current_data.csv
      hash: md5
      md5: 7297becc1bfa17472e52a3698b4e6719
      size: 18785800
  ingest_new_data:
    cmd: python .\src\data_service\ingest_data\ingest_new_data.py
    deps:
    - path: .\data\current_data\current_data.csv
      hash: md5
      md5: 7297becc1bfa17472e52a3698b4e6719
      size: 18785800
    - path: .\src\data_service\ingest_data\ingest_new_data.py
      hash: md5
      md5: 1731b8066666703db050bd58ee4ad741
      size: 2914
    outs:
    - path: .\data\current_data\uptodate_data.csv
      hash: md5
      md5: 7297becc1bfa17472e52a3698b4e6719
      size: 18785800
  complete_nas:
    cmd: python ./src/data_service/complete_nas/complete_nas.py
    deps:
    - path: ./src/data_service/complete_nas/complete_nas.py
      hash: md5
      md5: 7d7aeffbf1a4caa26668760f69a22e55
      size: 5282
    - path: .\data\current_data\uptodate_data.csv
      hash: md5
      md5: 7297becc1bfa17472e52a3698b4e6719
      size: 18785800
    outs:
    - path: ./data/processed_data/nas_completed_data.csv
      hash: md5
      md5: 1ca094abd6c9432d08ee26268cc6bf5a
      size: 20192917
  add_features:
    cmd: python ./src/data_service/features/add_features.py
    deps:
    - path: ./data/processed_data/nas_completed_data.csv
      hash: md5
      md5: 1ca094abd6c9432d08ee26268cc6bf5a
      size: 20192917
    - path: ./src/data_service/features/add_features.py
      hash: md5
      md5: 2fa4fb8bce43053c6a811f5559f7f508
      size: 1952
    outs:
    - path: ./data/processed_data/augmented_data.csv
      hash: md5
      md5: 2696643d0e5baca855328ee95b5e7550
      size: 22701371
  encode_data:
    cmd: python ./src/data_service/encode_data/encode_data.py
    deps:
    - path: ./data/processed_data/augmented_data.csv
      hash: md5
      md5: 2696643d0e5baca855328ee95b5e7550
      size: 22701371
    - path: ./src/data_service/encode_data/encode_data.py
      hash: md5
      md5: 3fa546642b1ecbe6d5c3aa27a7c54d67
      size: 8509
    outs:
    - path: ./data/processed_data/encoded_data.csv
      hash: md5
      md5: 0b7ddd5ad33230028ae8c74a28bc2f46
      size: 46444326
  split_data:
    cmd: python ./src/data_service/split_data/split_data.py
    deps:
    - path: ./data/processed_data/encoded_data.csv
      hash: md5
      md5: 0b7ddd5ad33230028ae8c74a28bc2f46
      size: 46444326
    - path: ./src/data_service/split_data/split_data.py
      hash: md5
      md5: 57144aa3cd9f4b1dfbd4b8ad1e8842f3
      size: 3308
    outs:
    - path: ./data/processed_data/X_test.csv
      hash: md5
      md5: 4c1a7abea81c29e6b6ef3977fa3a704a
      size: 7163872
    - path: ./data/processed_data/X_train.csv
      hash: md5
      md5: d07d6f5b7490671a301059caca4dd39a
      size: 28651160
    - path: ./data/processed_data/y_test.csv
      hash: md5
      md5: 9585be67829e2b0145ec6afb446d8819
      size: 52761
    - path: ./data/processed_data/y_train.csv
      hash: md5
      md5: 90b20d74c3e1dc4af4a55dbc74a6212d
      size: 211005
  scale_data:
    cmd: python ./src/data_service/scale_data/scale_data.py
    deps:
    - path: ./data/processed_data/X_test.csv
      hash: md5
      md5: 4c1a7abea81c29e6b6ef3977fa3a704a
      size: 7163872
    - path: ./data/processed_data/X_train.csv
      hash: md5
      md5: d07d6f5b7490671a301059caca4dd39a
      size: 28651160
    - path: ./src/data_service/scale_data/scale_data.py
      hash: md5
      md5: b7589885b9d573db04685b3ab0e4b761
      size: 1932
    outs:
    - path: ./data/processed_data/X_test_scaled.csv
      hash: md5
      md5: 4d00658080a5537acfe436298895a7ae
      size: 15442840
    - path: ./data/processed_data/X_train_scaled.csv
      hash: md5
      md5: 88660f28769aa8d98c816745cd620245
      size: 61761935
  train:
    cmd: python ./src/modeling_service/training/train.py
    deps:
    - path: ./data/processed_data/X_train_scaled.csv
      hash: md5
      md5: 88660f28769aa8d98c816745cd620245
      size: 61761935
    - path: ./data/processed_data/y_train.csv
      hash: md5
      md5: 90b20d74c3e1dc4af4a55dbc74a6212d
      size: 211005
    - path: ./src/modeling_service/training/train.py
      hash: md5
      md5: c5fe851338ed5695ab7f9d8a8c691f75
      size: 2711
    outs:
    - path: ./models/RainTomorrow/last_run_model.pkl
      hash: md5
      md5: dfc5ae0e0eb183d94049075590af942d
      size: 9516665
  evaluate:
    cmd: python ./src/modeling_service/evaluate/evaluate.py
    deps:
    - path: ./data/processed_data/X_test_scaled.csv
      hash: md5
      md5: 4d00658080a5537acfe436298895a7ae
      size: 15442840
    - path: ./data/processed_data/y_test.csv
      hash: md5
      md5: 9585be67829e2b0145ec6afb446d8819
      size: 52761
    - path: ./models/
      hash: md5
      md5: 513803b091a4df25ef97559a3bb796b8.dir
      size: 19368946
      nfiles: 2
    - path: ./src/modeling_service/evaluate/evaluate.py
      hash: md5
      md5: 634bf927eaed64c8093a276e5bd1a69a
      size: 4027
    outs:
    - path: ./metrics/
      hash: md5
      md5: adbfaf6cba419b39a365425d05724233.dir
      size: 3714
      nfiles: 2
    - path: metrics/RainTomorrow/lastmetrics.json
      hash: md5
      md5: c1d86be45b61a26af3b716ad6623cfc2
      size: 297
  inference:
    cmd: python ./src/inference_service/inference.py
    outs:
    - path: ./models/RainTomorrow/best_current_model.pkl
      hash: md5
      md5: 5f1d685342d0405710c8ff2890f24c1b
      size: 9852281
